
Microsoft Visual Studio Solution File, Format Version 12.00
# Visual Studio Version 16
VisualStudioVersion = 16.0.29709.97
MinimumVisualStudioVersion = 10.0.40219.1
Project("{8BC9CEB8-8B4A-11D0-8D11-00A0C91BC942}") = "MP_lab1", "MP_lab1\MP_lab1.vcxproj", "{BAB610AE-0F99-403E-BAA9-208DAB8CBBCF}"
EndProject
Global
	GlobalSection(SolutionConfigurationPlatforms) = preSolution
		Debug|x64 = Debug|x64
		Debug|x86 = Debug|x86
		Release|x64 = Release|x64
		Release|x86 = Release|x86
	EndGlobalSection
	GlobalSection(ProjectConfigurationPlatforms) = postSolution
		{BAB610AE-0F99-403E-BAA9-208DAB8CBBCF}.Debug|x64.ActiveCfg = Debug|x64
		{BAB610AE-0F99-403E-BAA9-208DAB8CBBCF}.Debug|x64.Build.0 = Debug|x64
		{BAB610AE-0F99-403E-BAA9-208DAB8CBBCF}.Debug|x86.ActiveCfg = Debug|Win32
		{BAB610AE-0F99-403E-BAA9-208DAB8CBBCF}.Debug|x86.Build.0 = Debug|Win32
		{BAB610AE-0F99-403E-BAA9-208DAB8CBBCF}.Release|x64.ActiveCfg = Release|x64
		{BAB610AE-0F99-403E-BAA9-208DAB8CBBCF}.Release|x64.Build.0 = Release|x64
		{BAB610AE-0F99-403E-BAA9-208DAB8CBBCF}.Release|x86.ActiveCfg = Release|Win32
		{BAB610AE-0F99-403E-BAA9-208DAB8CBBCF}.Release|x86.Build.0 = Release|Win32
	EndGlobalSection
	GlobalSection(SolutionProperties) = preSolution
		HideSolutionNode = FALSE
	EndGlobalSection
	GlobalSection(ExtensibilityGlobals) = postSolution
		SolutionGuid = {7DC863AD-4E59-4A07-897D-17528EF08CCC}
	EndGlobalSection
EndGlobal
